
Microsoft Visual Studio Solution File, Format Version 12.00
# Visual Studio Version 17
VisualStudioVersion = 17.5.002.0
MinimumVisualStudioVersion = 10.0.40219.1
Project("{9A19103F-16F7-4668-BE54-9A1E7A4F7556}") = "Kramp.API", "Kramp.API\Kramp.API.csproj", "{7484941D-8CD2-4D69-9EBF-A85C9E4E8C1B}"
EndProject
Project("{FAE04EC0-301F-11D3-BF4B-00C04F79EFBC}") = "Services", "Services\Services.csproj", "{BCC6E0CD-2343-4A87-94E1-27943DDA7256}"
EndProject
Project("{FAE04EC0-301F-11D3-BF4B-00C04F79EFBC}") = "Infrastructure", "Infrastructure\Infrastructure.csproj", "{B4110F7C-FFC5-438F-9B26-3B6B2ADE2EFD}"
EndProject
Project("{FAE04EC0-301F-11D3-BF4B-00C04F79EFBC}") = "Domain", "Domain\Domain.csproj", "{FD4C0E88-1EC4-4559-8170-800847DBF21C}"
EndProject
Project("{FAE04EC0-301F-11D3-BF4B-00C04F79EFBC}") = "Application", "Application\Application.csproj", "{9F88ED4D-AD62-4626-A71E-17941204C850}"
EndProject
Global
	GlobalSection(SolutionConfigurationPlatforms) = preSolution
		Debug|Any CPU = Debug|Any CPU
		Release|Any CPU = Release|Any CPU
	EndGlobalSection
	GlobalSection(ProjectConfigurationPlatforms) = postSolution
		{7484941D-8CD2-4D69-9EBF-A85C9E4E8C1B}.Debug|Any CPU.ActiveCfg = Debug|Any CPU
		{7484941D-8CD2-4D69-9EBF-A85C9E4E8C1B}.Debug|Any CPU.Build.0 = Debug|Any CPU
		{7484941D-8CD2-4D69-9EBF-A85C9E4E8C1B}.Release|Any CPU.ActiveCfg = Release|Any CPU
		{7484941D-8CD2-4D69-9EBF-A85C9E4E8C1B}.Release|Any CPU.Build.0 = Release|Any CPU
		{BCC6E0CD-2343-4A87-94E1-27943DDA7256}.Debug|Any CPU.ActiveCfg = Debug|Any CPU
		{BCC6E0CD-2343-4A87-94E1-27943DDA7256}.Debug|Any CPU.Build.0 = Debug|Any CPU
		{BCC6E0CD-2343-4A87-94E1-27943DDA7256}.Release|Any CPU.ActiveCfg = Release|Any CPU
		{BCC6E0CD-2343-4A87-94E1-27943DDA7256}.Release|Any CPU.Build.0 = Release|Any CPU
		{B4110F7C-FFC5-438F-9B26-3B6B2ADE2EFD}.Debug|Any CPU.ActiveCfg = Debug|Any CPU
		{B4110F7C-FFC5-438F-9B26-3B6B2ADE2EFD}.Debug|Any CPU.Build.0 = Debug|Any CPU
		{B4110F7C-FFC5-438F-9B26-3B6B2ADE2EFD}.Release|Any CPU.ActiveCfg = Release|Any CPU
		{B4110F7C-FFC5-438F-9B26-3B6B2ADE2EFD}.Release|Any CPU.Build.0 = Release|Any CPU
		{FD4C0E88-1EC4-4559-8170-800847DBF21C}.Debug|Any CPU.ActiveCfg = Debug|Any CPU
		{FD4C0E88-1EC4-4559-8170-800847DBF21C}.Debug|Any CPU.Build.0 = Debug|Any CPU
		{FD4C0E88-1EC4-4559-8170-800847DBF21C}.Release|Any CPU.ActiveCfg = Release|Any CPU
		{FD4C0E88-1EC4-4559-8170-800847DBF21C}.Release|Any CPU.Build.0 = Release|Any CPU
		{9F88ED4D-AD62-4626-A71E-17941204C850}.Debug|Any CPU.ActiveCfg = Debug|Any CPU
		{9F88ED4D-AD62-4626-A71E-17941204C850}.Debug|Any CPU.Build.0 = Debug|Any CPU
		{9F88ED4D-AD62-4626-A71E-17941204C850}.Release|Any CPU.ActiveCfg = Release|Any CPU
		{9F88ED4D-AD62-4626-A71E-17941204C850}.Release|Any CPU.Build.0 = Release|Any CPU
	EndGlobalSection
	GlobalSection(SolutionProperties) = preSolution
		HideSolutionNode = FALSE
	EndGlobalSection
	GlobalSection(ExtensibilityGlobals) = postSolution
		SolutionGuid = {FB0CA54D-65E9-441B-9F62-28F0D1C5B81D}
	EndGlobalSection
EndGlobal
